// !$*UTF8*$!
{
	archiveVersion = 1;
	classes = {
	};
	objectVersion = 70;
	objects = {

/* Begin PBXBuildFile section */
		1C7BC0C42CDA227C00041967 /* JikanAPIService.framework in Frameworks */ = {isa = PBXBuildFile; fileRef = 1C7BC0C32CDA227C00041967 /* JikanAPIService.framework */; };
		1C7BC0C52CDA227C00041967 /* JikanAPIService.framework in Embed Frameworks */ = {isa = PBXBuildFile; fileRef = 1C7BC0C32CDA227C00041967 /* JikanAPIService.framework */; settings = {ATTRIBUTES = (CodeSignOnCopy, RemoveHeadersOnCopy, ); }; };
		1C7BC13E2CEAE8CD00041967 /* Kingfisher in Frameworks */ = {isa = PBXBuildFile; productRef = 1C7BC13D2CEAE8CD00041967 /* Kingfisher */; };
/* End PBXBuildFile section */

/* Begin PBXContainerItemProxy section */
		1C5A54CF2CD8BC5F004AB1F0 /* PBXContainerItemProxy */ = {
			isa = PBXContainerItemProxy;
			containerPortal = 1C5A54B52CD8BC5E004AB1F0 /* Project object */;
			proxyType = 1;
			remoteGlobalIDString = 1C5A54BC2CD8BC5E004AB1F0;
			remoteInfo = AnimeNook;
		};
		1C5A54D92CD8BC5F004AB1F0 /* PBXContainerItemProxy */ = {
			isa = PBXContainerItemProxy;
			containerPortal = 1C5A54B52CD8BC5E004AB1F0 /* Project object */;
			proxyType = 1;
			remoteGlobalIDString = 1C5A54BC2CD8BC5E004AB1F0;
			remoteInfo = AnimeNook;
		};
/* End PBXContainerItemProxy section */

/* Begin PBXCopyFilesBuildPhase section */
		1C7BC0C62CDA227C00041967 /* Embed Frameworks */ = {
			isa = PBXCopyFilesBuildPhase;
			buildActionMask = 2147483647;
			dstPath = "";
			dstSubfolderSpec = 10;
			files = (
				1C7BC0C52CDA227C00041967 /* JikanAPIService.framework in Embed Frameworks */,
			);
			name = "Embed Frameworks";
			runOnlyForDeploymentPostprocessing = 0;
		};
/* End PBXCopyFilesBuildPhase section */

/* Begin PBXFileReference section */
		1C5A54BD2CD8BC5E004AB1F0 /* AnimeNook.app */ = {isa = PBXFileReference; explicitFileType = wrapper.application; includeInIndex = 0; path = AnimeNook.app; sourceTree = BUILT_PRODUCTS_DIR; };
		1C5A54CE2CD8BC5F004AB1F0 /* AnimeNookTests.xctest */ = {isa = PBXFileReference; explicitFileType = wrapper.cfbundle; includeInIndex = 0; path = AnimeNookTests.xctest; sourceTree = BUILT_PRODUCTS_DIR; };
		1C5A54D82CD8BC5F004AB1F0 /* AnimeNookUITests.xctest */ = {isa = PBXFileReference; explicitFileType = wrapper.cfbundle; includeInIndex = 0; path = AnimeNookUITests.xctest; sourceTree = BUILT_PRODUCTS_DIR; };
		1C7BC0C32CDA227C00041967 /* JikanAPIService.framework */ = {isa = PBXFileReference; explicitFileType = wrapper.framework; path = JikanAPIService.framework; sourceTree = BUILT_PRODUCTS_DIR; };
/* End PBXFileReference section */

/* Begin PBXFileSystemSynchronizedRootGroup section */
		1C5A54BF2CD8BC5E004AB1F0 /* AnimeNook */ = {isa = PBXFileSystemSynchronizedRootGroup; explicitFileTypes = {}; explicitFolders = (); path = AnimeNook; sourceTree = "<group>"; };
		1C5A54D12CD8BC5F004AB1F0 /* AnimeNookTests */ = {isa = PBXFileSystemSynchronizedRootGroup; explicitFileTypes = {}; explicitFolders = (); path = AnimeNookTests; sourceTree = "<group>"; };
		1C5A54DB2CD8BC5F004AB1F0 /* AnimeNookUITests */ = {isa = PBXFileSystemSynchronizedRootGroup; explicitFileTypes = {}; explicitFolders = (); path = AnimeNookUITests; sourceTree = "<group>"; };
/* End PBXFileSystemSynchronizedRootGroup section */

/* Begin PBXFrameworksBuildPhase section */
		1C5A54BA2CD8BC5E004AB1F0 /* Frameworks */ = {
			isa = PBXFrameworksBuildPhase;
			buildActionMask = 2147483647;
			files = (
				1C7BC13E2CEAE8CD00041967 /* Kingfisher in Frameworks */,
				1C7BC0C42CDA227C00041967 /* JikanAPIService.framework in Frameworks */,
			);
			runOnlyForDeploymentPostprocessing = 0;
		};
		1C5A54CB2CD8BC5F004AB1F0 /* Frameworks */ = {
			isa = PBXFrameworksBuildPhase;
			buildActionMask = 2147483647;
			files = (
			);
			runOnlyForDeploymentPostprocessing = 0;
		};
		1C5A54D52CD8BC5F004AB1F0 /* Frameworks */ = {
			isa = PBXFrameworksBuildPhase;
			buildActionMask = 2147483647;
			files = (
			);
			runOnlyForDeploymentPostprocessing = 0;
		};
/* End PBXFrameworksBuildPhase section */

/* Begin PBXGroup section */
		1C5A54B42CD8BC5E004AB1F0 = {
			isa = PBXGroup;
			children = (
				1C5A54BF2CD8BC5E004AB1F0 /* AnimeNook */,
				1C5A54D12CD8BC5F004AB1F0 /* AnimeNookTests */,
				1C5A54DB2CD8BC5F004AB1F0 /* AnimeNookUITests */,
				1C7BC0C22CDA227C00041967 /* Frameworks */,
				1C5A54BE2CD8BC5E004AB1F0 /* Products */,
			);
			sourceTree = "<group>";
		};
		1C5A54BE2CD8BC5E004AB1F0 /* Products */ = {
			isa = PBXGroup;
			children = (
				1C5A54BD2CD8BC5E004AB1F0 /* AnimeNook.app */,
				1C5A54CE2CD8BC5F004AB1F0 /* AnimeNookTests.xctest */,
				1C5A54D82CD8BC5F004AB1F0 /* AnimeNookUITests.xctest */,
			);
			name = Products;
			sourceTree = "<group>";
		};
		1C7BC0C22CDA227C00041967 /* Frameworks */ = {
			isa = PBXGroup;
			children = (
				1C7BC0C32CDA227C00041967 /* JikanAPIService.framework */,
			);
			name = Frameworks;
			sourceTree = "<group>";
		};
/* End PBXGroup section */

/* Begin PBXNativeTarget section */
		1C5A54BC2CD8BC5E004AB1F0 /* AnimeNook */ = {
			isa = PBXNativeTarget;
			buildConfigurationList = 1C5A54E22CD8BC5F004AB1F0 /* Build configuration list for PBXNativeTarget "AnimeNook" */;
			buildPhases = (
				1C5A54B92CD8BC5E004AB1F0 /* Sources */,
				1C5A54BA2CD8BC5E004AB1F0 /* Frameworks */,
				1C5A54BB2CD8BC5E004AB1F0 /* Resources */,
				1C7BC0C62CDA227C00041967 /* Embed Frameworks */,
			);
			buildRules = (
			);
			dependencies = (
			);
			fileSystemSynchronizedGroups = (
				1C5A54BF2CD8BC5E004AB1F0 /* AnimeNook */,
			);
			name = AnimeNook;
			packageProductDependencies = (
				1C7BC13D2CEAE8CD00041967 /* Kingfisher */,
			);
			productName = AnimeNook;
			productReference = 1C5A54BD2CD8BC5E004AB1F0 /* AnimeNook.app */;
			productType = "com.apple.product-type.application";
		};
		1C5A54CD2CD8BC5F004AB1F0 /* AnimeNookTests */ = {
			isa = PBXNativeTarget;
			buildConfigurationList = 1C5A54E52CD8BC5F004AB1F0 /* Build configuration list for PBXNativeTarget "AnimeNookTests" */;
			buildPhases = (
				1C5A54CA2CD8BC5F004AB1F0 /* Sources */,
				1C5A54CB2CD8BC5F004AB1F0 /* Frameworks */,
				1C5A54CC2CD8BC5F004AB1F0 /* Resources */,
			);
			buildRules = (
			);
			dependencies = (
				1C5A54D02CD8BC5F004AB1F0 /* PBXTargetDependency */,
			);
			fileSystemSynchronizedGroups = (
				1C5A54D12CD8BC5F004AB1F0 /* AnimeNookTests */,
			);
			name = AnimeNookTests;
			packageProductDependencies = (
			);
			productName = AnimeNookTests;
			productReference = 1C5A54CE2CD8BC5F004AB1F0 /* AnimeNookTests.xctest */;
			productType = "com.apple.product-type.bundle.unit-test";
		};
		1C5A54D72CD8BC5F004AB1F0 /* AnimeNookUITests */ = {
			isa = PBXNativeTarget;
			buildConfigurationList = 1C5A54E82CD8BC5F004AB1F0 /* Build configuration list for PBXNativeTarget "AnimeNookUITests" */;
			buildPhases = (
				1C5A54D42CD8BC5F004AB1F0 /* Sources */,
				1C5A54D52CD8BC5F004AB1F0 /* Frameworks */,
				1C5A54D62CD8BC5F004AB1F0 /* Resources */,
			);
			buildRules = (
			);
			dependencies = (
				1C5A54DA2CD8BC5F004AB1F0 /* PBXTargetDependency */,
			);
			fileSystemSynchronizedGroups = (
				1C5A54DB2CD8BC5F004AB1F0 /* AnimeNookUITests */,
			);
			name = AnimeNookUITests;
			packageProductDependencies = (
			);
			productName = AnimeNookUITests;
			productReference = 1C5A54D82CD8BC5F004AB1F0 /* AnimeNookUITests.xctest */;
			productType = "com.apple.product-type.bundle.ui-testing";
		};
/* End PBXNativeTarget section */

/* Begin PBXProject section */
		1C5A54B52CD8BC5E004AB1F0 /* Project object */ = {
			isa = PBXProject;
			attributes = {
				BuildIndependentTargetsInParallel = 1;
				LastSwiftUpdateCheck = 1610;
				LastUpgradeCheck = 1610;
				TargetAttributes = {
					1C5A54BC2CD8BC5E004AB1F0 = {
						CreatedOnToolsVersion = 16.1;
					};
					1C5A54CD2CD8BC5F004AB1F0 = {
						CreatedOnToolsVersion = 16.1;
						TestTargetID = 1C5A54BC2CD8BC5E004AB1F0;
					};
					1C5A54D72CD8BC5F004AB1F0 = {
						CreatedOnToolsVersion = 16.1;
						TestTargetID = 1C5A54BC2CD8BC5E004AB1F0;
					};
				};
			};
			buildConfigurationList = 1C5A54B82CD8BC5E004AB1F0 /* Build configuration list for PBXProject "AnimeNook" */;
			compatibilityVersion = "Xcode 15.3";
			developmentRegion = en;
			hasScannedForEncodings = 0;
			knownRegions = (
				en,
				Base,
			);
			mainGroup = 1C5A54B42CD8BC5E004AB1F0;
			minimizedProjectReferenceProxies = 1;
			packageReferences = (
				1C7BC1032CEAE83200041967 /* XCRemoteSwiftPackageReference "Kingfisher" */,
			);
			productRefGroup = 1C5A54BE2CD8BC5E004AB1F0 /* Products */;
			projectDirPath = "";
			projectRoot = "";
			targets = (
				1C5A54BC2CD8BC5E004AB1F0 /* AnimeNook */,
				1C5A54CD2CD8BC5F004AB1F0 /* AnimeNookTests */,
				1C5A54D72CD8BC5F004AB1F0 /* AnimeNookUITests */,
			);
		};
/* End PBXProject section */

/* Begin PBXResourcesBuildPhase section */
		1C5A54BB2CD8BC5E004AB1F0 /* Resources */ = {
			isa = PBXResourcesBuildPhase;
			buildActionMask = 2147483647;
			files = (
			);
			runOnlyForDeploymentPostprocessing = 0;
		};
		1C5A54CC2CD8BC5F004AB1F0 /* Resources */ = {
			isa = PBXResourcesBuildPhase;
			buildActionMask = 2147483647;
			files = (
			);
			runOnlyForDeploymentPostprocessing = 0;
		};
		1C5A54D62CD8BC5F004AB1F0 /* Resources */ = {
			isa = PBXResourcesBuildPhase;
			buildActionMask = 2147483647;
			files = (
			);
			runOnlyForDeploymentPostprocessing = 0;
		};
/* End PBXResourcesBuildPhase section */

/* Begin PBXSourcesBuildPhase section */
		1C5A54B92CD8BC5E004AB1F0 /* Sources */ = {
			isa = PBXSourcesBuildPhase;
			buildActionMask = 2147483647;
			files = (
			);
			runOnlyForDeploymentPostprocessing = 0;
		};
		1C5A54CA2CD8BC5F004AB1F0 /* Sources */ = {
			isa = PBXSourcesBuildPhase;
			buildActionMask = 2147483647;
			files = (
			);
			runOnlyForDeploymentPostprocessing = 0;
		};
		1C5A54D42CD8BC5F004AB1F0 /* Sources */ = {
			isa = PBXSourcesBuildPhase;
			buildActionMask = 2147483647;
			files = (
			);
			runOnlyForDeploymentPostprocessing = 0;
		};
/* End PBXSourcesBuildPhase section */

/* Begin PBXTargetDependency section */
		1C5A54D02CD8BC5F004AB1F0 /* PBXTargetDependency */ = {
			isa = PBXTargetDependency;
			target = 1C5A54BC2CD8BC5E004AB1F0 /* AnimeNook */;
			targetProxy = 1C5A54CF2CD8BC5F004AB1F0 /* PBXContainerItemProxy */;
		};
		1C5A54DA2CD8BC5F004AB1F0 /* PBXTargetDependency */ = {
			isa = PBXTargetDependency;
			target = 1C5A54BC2CD8BC5E004AB1F0 /* AnimeNook */;
			targetProxy = 1C5A54D92CD8BC5F004AB1F0 /* PBXContainerItemProxy */;
		};
/* End PBXTargetDependency section */

/* Begin XCBuildConfiguration section */
		1C5A54E02CD8BC5F004AB1F0 /* Debug */ = {
			isa = XCBuildConfiguration;
			buildSettings = {
				ALWAYS_SEARCH_USER_PATHS = NO;
				ASSETCATALOG_COMPILER_GENERATE_SWIFT_ASSET_SYMBOL_EXTENSIONS = YES;
				BUILD_LIBRARY_FOR_DISTRIBUTION = YES;
				CLANG_ANALYZER_NONNULL = YES;
				CLANG_ANALYZER_NUMBER_OBJECT_CONVERSION = YES_AGGRESSIVE;
				CLANG_CXX_LANGUAGE_STANDARD = "gnu++20";
				CLANG_ENABLE_MODULES = YES;
				CLANG_ENABLE_OBJC_ARC = YES;
				CLANG_ENABLE_OBJC_WEAK = YES;
				CLANG_WARN_BLOCK_CAPTURE_AUTORELEASING = YES;
				CLANG_WARN_BOOL_CONVERSION = YES;
				CLANG_WARN_COMMA = YES;
				CLANG_WARN_CONSTANT_CONVERSION = YES;
				CLANG_WARN_DEPRECATED_OBJC_IMPLEMENTATIONS = YES;
				CLANG_WARN_DIRECT_OBJC_ISA_USAGE = YES_ERROR;
				CLANG_WARN_DOCUMENTATION_COMMENTS = YES;
				CLANG_WARN_EMPTY_BODY = YES;
				CLANG_WARN_ENUM_CONVERSION = YES;
				CLANG_WARN_INFINITE_RECURSION = YES;
				CLANG_WARN_INT_CONVERSION = YES;
				CLANG_WARN_NON_LITERAL_NULL_CONVERSION = YES;
				CLANG_WARN_OBJC_IMPLICIT_RETAIN_SELF = YES;
				CLANG_WARN_OBJC_LITERAL_CONVERSION = YES;
				CLANG_WARN_OBJC_ROOT_CLASS = YES_ERROR;
				CLANG_WARN_QUOTED_INCLUDE_IN_FRAMEWORK_HEADER = YES;
				CLANG_WARN_RANGE_LOOP_ANALYSIS = YES;
				CLANG_WARN_STRICT_PROTOTYPES = YES;
				CLANG_WARN_SUSPICIOUS_MOVE = YES;
				CLANG_WARN_UNGUARDED_AVAILABILITY = YES_AGGRESSIVE;
				CLANG_WARN_UNREACHABLE_CODE = YES;
				CLANG_WARN__DUPLICATE_METHOD_MATCH = YES;
				COPY_PHASE_STRIP = NO;
				DEBUG_INFORMATION_FORMAT = dwarf;
				ENABLE_STRICT_OBJC_MSGSEND = YES;
				ENABLE_TESTABILITY = YES;
				ENABLE_USER_SCRIPT_SANDBOXING = YES;
				GCC_C_LANGUAGE_STANDARD = gnu17;
				GCC_DYNAMIC_NO_PIC = NO;
				GCC_NO_COMMON_BLOCKS = YES;
				GCC_OPTIMIZATION_LEVEL = 0;
				GCC_PREPROCESSOR_DEFINITIONS = (
					"DEBUG=1",
					"$(inherited)",
				);
				GCC_WARN_64_TO_32_BIT_CONVERSION = YES;
				GCC_WARN_ABOUT_RETURN_TYPE = YES_ERROR;
				GCC_WARN_UNDECLARED_SELECTOR = YES;
				GCC_WARN_UNINITIALIZED_AUTOS = YES_AGGRESSIVE;
				GCC_WARN_UNUSED_FUNCTION = YES;
				GCC_WARN_UNUSED_VARIABLE = YES;
				IPHONEOS_DEPLOYMENT_TARGET = 16.6;
				LOCALIZATION_PREFERS_STRING_CATALOGS = YES;
				MACOSX_DEPLOYMENT_TARGET = 14.6;
				MTL_ENABLE_DEBUG_INFO = INCLUDE_SOURCE;
				MTL_FAST_MATH = YES;
				ONLY_ACTIVE_ARCH = YES;
				SWIFT_ACTIVE_COMPILATION_CONDITIONS = "DEBUG $(inherited)";
				SWIFT_OPTIMIZATION_LEVEL = "-Onone";
				SWIFT_VERSION = 6.0;
			};
			name = Debug;
		};
		1C5A54E12CD8BC5F004AB1F0 /* Release */ = {
			isa = XCBuildConfiguration;
			buildSettings = {
				ALWAYS_SEARCH_USER_PATHS = NO;
				ASSETCATALOG_COMPILER_GENERATE_SWIFT_ASSET_SYMBOL_EXTENSIONS = YES;
				BUILD_LIBRARY_FOR_DISTRIBUTION = YES;
				CLANG_ANALYZER_NONNULL = YES;
				CLANG_ANALYZER_NUMBER_OBJECT_CONVERSION = YES_AGGRESSIVE;
				CLANG_CXX_LANGUAGE_STANDARD = "gnu++20";
				CLANG_ENABLE_MODULES = YES;
				CLANG_ENABLE_OBJC_ARC = YES;
				CLANG_ENABLE_OBJC_WEAK = YES;
				CLANG_WARN_BLOCK_CAPTURE_AUTORELEASING = YES;
				CLANG_WARN_BOOL_CONVERSION = YES;
				CLANG_WARN_COMMA = YES;
				CLANG_WARN_CONSTANT_CONVERSION = YES;
				CLANG_WARN_DEPRECATED_OBJC_IMPLEMENTATIONS = YES;
				CLANG_WARN_DIRECT_OBJC_ISA_USAGE = YES_ERROR;
				CLANG_WARN_DOCUMENTATION_COMMENTS = YES;
				CLANG_WARN_EMPTY_BODY = YES;
				CLANG_WARN_ENUM_CONVERSION = YES;
				CLANG_WARN_INFINITE_RECURSION = YES;
				CLANG_WARN_INT_CONVERSION = YES;
				CLANG_WARN_NON_LITERAL_NULL_CONVERSION = YES;
				CLANG_WARN_OBJC_IMPLICIT_RETAIN_SELF = YES;
				CLANG_WARN_OBJC_LITERAL_CONVERSION = YES;
				CLANG_WARN_OBJC_ROOT_CLASS = YES_ERROR;
				CLANG_WARN_QUOTED_INCLUDE_IN_FRAMEWORK_HEADER = YES;
				CLANG_WARN_RANGE_LOOP_ANALYSIS = YES;
				CLANG_WARN_STRICT_PROTOTYPES = YES;
				CLANG_WARN_SUSPICIOUS_MOVE = YES;
				CLANG_WARN_UNGUARDED_AVAILABILITY = YES_AGGRESSIVE;
				CLANG_WARN_UNREACHABLE_CODE = YES;
				CLANG_WARN__DUPLICATE_METHOD_MATCH = YES;
				COPY_PHASE_STRIP = NO;
				DEBUG_INFORMATION_FORMAT = "dwarf-with-dsym";
				ENABLE_NS_ASSERTIONS = NO;
				ENABLE_STRICT_OBJC_MSGSEND = YES;
				ENABLE_USER_SCRIPT_SANDBOXING = YES;
				GCC_C_LANGUAGE_STANDARD = gnu17;
				GCC_NO_COMMON_BLOCKS = YES;
				GCC_WARN_64_TO_32_BIT_CONVERSION = YES;
				GCC_WARN_ABOUT_RETURN_TYPE = YES_ERROR;
				GCC_WARN_UNDECLARED_SELECTOR = YES;
				GCC_WARN_UNINITIALIZED_AUTOS = YES_AGGRESSIVE;
				GCC_WARN_UNUSED_FUNCTION = YES;
				GCC_WARN_UNUSED_VARIABLE = YES;
				IPHONEOS_DEPLOYMENT_TARGET = 16.6;
				LOCALIZATION_PREFERS_STRING_CATALOGS = YES;
				MACOSX_DEPLOYMENT_TARGET = 14.6;
				MTL_ENABLE_DEBUG_INFO = NO;
				MTL_FAST_MATH = YES;
				SWIFT_COMPILATION_MODE = wholemodule;
				SWIFT_VERSION = 6.0;
			};
			name = Release;
		};
		1C5A54E32CD8BC5F004AB1F0 /* Debug */ = {
			isa = XCBuildConfiguration;
			buildSettings = {
				ASSETCATALOG_COMPILER_APPICON_NAME = AppIcon;
				ASSETCATALOG_COMPILER_GLOBAL_ACCENT_COLOR_NAME = AccentColor;
				CODE_SIGN_ENTITLEMENTS = AnimeNook/AnimeNook.entitlements;
				CODE_SIGN_STYLE = Automatic;
				CURRENT_PROJECT_VERSION = 1;
				DEVELOPMENT_ASSET_PATHS = "\"AnimeNook/Preview Content\"";
				DEVELOPMENT_TEAM = R33X9HN7ET;
				ENABLE_HARDENED_RUNTIME = YES;
				ENABLE_PREVIEWS = YES;
				GENERATE_INFOPLIST_FILE = YES;
				INFOPLIST_KEY_CFBundleDisplayName = AnimeNook;
				"INFOPLIST_KEY_UIApplicationSceneManifest_Generation[sdk=iphoneos*]" = YES;
				"INFOPLIST_KEY_UIApplicationSceneManifest_Generation[sdk=iphonesimulator*]" = YES;
				"INFOPLIST_KEY_UIApplicationSupportsIndirectInputEvents[sdk=iphoneos*]" = YES;
				"INFOPLIST_KEY_UIApplicationSupportsIndirectInputEvents[sdk=iphonesimulator*]" = YES;
				"INFOPLIST_KEY_UILaunchScreen_Generation[sdk=iphoneos*]" = YES;
				"INFOPLIST_KEY_UILaunchScreen_Generation[sdk=iphonesimulator*]" = YES;
				INFOPLIST_KEY_UIRequiresFullScreen = YES;
				"INFOPLIST_KEY_UIStatusBarStyle[sdk=iphoneos*]" = UIStatusBarStyleDefault;
				"INFOPLIST_KEY_UIStatusBarStyle[sdk=iphonesimulator*]" = UIStatusBarStyleDefault;
				INFOPLIST_KEY_UISupportedInterfaceOrientations = "UIInterfaceOrientationPortrait UIInterfaceOrientationPortraitUpsideDown";
				LD_RUNPATH_SEARCH_PATHS = "@executable_path/Frameworks";
				"LD_RUNPATH_SEARCH_PATHS[sdk=macosx*]" = "@executable_path/../Frameworks";
				MARKETING_VERSION = 1.0;
				PRODUCT_BUNDLE_IDENTIFIER = com.likeabossapp.AnimeNook;
				PRODUCT_NAME = "$(TARGET_NAME)";
				SDKROOT = auto;
				SUPPORTED_PLATFORMS = "iphoneos iphonesimulator macosx xros xrsimulator";
				SWIFT_EMIT_LOC_STRINGS = YES;
				TARGETED_DEVICE_FAMILY = "1,2,7";
			};
			name = Debug;
		};
		1C5A54E42CD8BC5F004AB1F0 /* Release */ = {
			isa = XCBuildConfiguration;
			buildSettings = {
				ASSETCATALOG_COMPILER_APPICON_NAME = AppIcon;
				ASSETCATALOG_COMPILER_GLOBAL_ACCENT_COLOR_NAME = AccentColor;
				CODE_SIGN_ENTITLEMENTS = AnimeNook/AnimeNook.entitlements;
				CODE_SIGN_STYLE = Automatic;
				CURRENT_PROJECT_VERSION = 1;
				DEVELOPMENT_ASSET_PATHS = "\"AnimeNook/Preview Content\"";
				DEVELOPMENT_TEAM = R33X9HN7ET;
				ENABLE_HARDENED_RUNTIME = YES;
				ENABLE_PREVIEWS = YES;
				GENERATE_INFOPLIST_FILE = YES;
				INFOPLIST_KEY_CFBundleDisplayName = AnimeNook;
				"INFOPLIST_KEY_UIApplicationSceneManifest_Generation[sdk=iphoneos*]" = YES;
				"INFOPLIST_KEY_UIApplicationSceneManifest_Generation[sdk=iphonesimulator*]" = YES;
				"INFOPLIST_KEY_UIApplicationSupportsIndirectInputEvents[sdk=iphoneos*]" = YES;
				"INFOPLIST_KEY_UIApplicationSupportsIndirectInputEvents[sdk=iphonesimulator*]" = YES;
				"INFOPLIST_KEY_UILaunchScreen_Generation[sdk=iphoneos*]" = YES;
				"INFOPLIST_KEY_UILaunchScreen_Generation[sdk=iphonesimulator*]" = YES;
				INFOPLIST_KEY_UIRequiresFullScreen = YES;
				"INFOPLIST_KEY_UIStatusBarStyle[sdk=iphoneos*]" = UIStatusBarStyleDefault;
				"INFOPLIST_KEY_UIStatusBarStyle[sdk=iphonesimulator*]" = UIStatusBarStyleDefault;
				INFOPLIST_KEY_UISupportedInterfaceOrientations = "UIInterfaceOrientationPortrait UIInterfaceOrientationPortraitUpsideDown";
				LD_RUNPATH_SEARCH_PATHS = "@executable_path/Frameworks";
				"LD_RUNPATH_SEARCH_PATHS[sdk=macosx*]" = "@executable_path/../Frameworks";
				MARKETING_VERSION = 1.0;
				PRODUCT_BUNDLE_IDENTIFIER = com.likeabossapp.AnimeNook;
				PRODUCT_NAME = "$(TARGET_NAME)";
				SDKROOT = auto;
				SUPPORTED_PLATFORMS = "iphoneos iphonesimulator macosx xros xrsimulator";
				SWIFT_EMIT_LOC_STRINGS = YES;
				TARGETED_DEVICE_FAMILY = "1,2,7";
			};
			name = Release;
		};
		1C5A54E62CD8BC5F004AB1F0 /* Debug */ = {
			isa = XCBuildConfiguration;
			buildSettings = {
				BUNDLE_LOADER = "$(TEST_HOST)";
				CODE_SIGN_STYLE = Automatic;
				CURRENT_PROJECT_VERSION = 1;
				DEVELOPMENT_TEAM = R33X9HN7ET;
				GENERATE_INFOPLIST_FILE = YES;
				MARKETING_VERSION = 1.0;
				PRODUCT_BUNDLE_IDENTIFIER = com.likeabossapp.AnimeNookTests;
				PRODUCT_NAME = "$(TARGET_NAME)";
				SDKROOT = auto;
				SUPPORTED_PLATFORMS = "iphoneos iphonesimulator macosx xros xrsimulator";
				SWIFT_EMIT_LOC_STRINGS = NO;
				TARGETED_DEVICE_FAMILY = "1,2,7";
				TEST_HOST = "$(BUILT_PRODUCTS_DIR)/AnimeNook.app/$(BUNDLE_EXECUTABLE_FOLDER_PATH)/AnimeNook";
			};
			name = Debug;
		};
		1C5A54E72CD8BC5F004AB1F0 /* Release */ = {
			isa = XCBuildConfiguration;
			buildSettings = {
				BUNDLE_LOADER = "$(TEST_HOST)";
				CODE_SIGN_STYLE = Automatic;
				CURRENT_PROJECT_VERSION = 1;
				DEVELOPMENT_TEAM = R33X9HN7ET;
				GENERATE_INFOPLIST_FILE = YES;
				MARKETING_VERSION = 1.0;
				PRODUCT_BUNDLE_IDENTIFIER = com.likeabossapp.AnimeNookTests;
				PRODUCT_NAME = "$(TARGET_NAME)";
				SDKROOT = auto;
				SUPPORTED_PLATFORMS = "iphoneos iphonesimulator macosx xros xrsimulator";
				SWIFT_EMIT_LOC_STRINGS = NO;
				TARGETED_DEVICE_FAMILY = "1,2,7";
				TEST_HOST = "$(BUILT_PRODUCTS_DIR)/AnimeNook.app/$(BUNDLE_EXECUTABLE_FOLDER_PATH)/AnimeNook";
			};
			name = Release;
		};
		1C5A54E92CD8BC5F004AB1F0 /* Debug */ = {
			isa = XCBuildConfiguration;
			buildSettings = {
				CODE_SIGN_STYLE = Automatic;
				CURRENT_PROJECT_VERSION = 1;
				DEVELOPMENT_TEAM = R33X9HN7ET;
				GENERATE_INFOPLIST_FILE = YES;
				MARKETING_VERSION = 1.0;
				PRODUCT_BUNDLE_IDENTIFIER = com.likeabossapp.AnimeNookUITests;
				PRODUCT_NAME = "$(TARGET_NAME)";
				SDKROOT = auto;
				SUPPORTED_PLATFORMS = "iphoneos iphonesimulator macosx xros xrsimulator";
				SWIFT_EMIT_LOC_STRINGS = NO;
				TARGETED_DEVICE_FAMILY = "1,2,7";
				TEST_TARGET_NAME = AnimeNook;
			};
			name = Debug;
		};
		1C5A54EA2CD8BC5F004AB1F0 /* Release */ = {
			isa = XCBuildConfiguration;
			buildSettings = {
				CODE_SIGN_STYLE = Automatic;
				CURRENT_PROJECT_VERSION = 1;
				DEVELOPMENT_TEAM = R33X9HN7ET;
				GENERATE_INFOPLIST_FILE = YES;
				MARKETING_VERSION = 1.0;
				PRODUCT_BUNDLE_IDENTIFIER = com.likeabossapp.AnimeNookUITests;
				PRODUCT_NAME = "$(TARGET_NAME)";
				SDKROOT = auto;
				SUPPORTED_PLATFORMS = "iphoneos iphonesimulator macosx xros xrsimulator";
				SWIFT_EMIT_LOC_STRINGS = NO;
				TARGETED_DEVICE_FAMILY = "1,2,7";
				TEST_TARGET_NAME = AnimeNook;
			};
			name = Release;
		};
/* End XCBuildConfiguration section */

/* Begin XCConfigurationList section */
		1C5A54B82CD8BC5E004AB1F0 /* Build configuration list for PBXProject "AnimeNook" */ = {
			isa = XCConfigurationList;
			buildConfigurations = (
				1C5A54E02CD8BC5F004AB1F0 /* Debug */,
				1C5A54E12CD8BC5F004AB1F0 /* Release */,
			);
			defaultConfigurationIsVisible = 0;
			defaultConfigurationName = Release;
		};
		1C5A54E22CD8BC5F004AB1F0 /* Build configuration list for PBXNativeTarget "AnimeNook" */ = {
			isa = XCConfigurationList;
			buildConfigurations = (
				1C5A54E32CD8BC5F004AB1F0 /* Debug */,
				1C5A54E42CD8BC5F004AB1F0 /* Release */,
			);
			defaultConfigurationIsVisible = 0;
			defaultConfigurationName = Release;
		};
		1C5A54E52CD8BC5F004AB1F0 /* Build configuration list for PBXNativeTarget "AnimeNookTests" */ = {
			isa = XCConfigurationList;
			buildConfigurations = (
				1C5A54E62CD8BC5F004AB1F0 /* Debug */,
				1C5A54E72CD8BC5F004AB1F0 /* Release */,
			);
			defaultConfigurationIsVisible = 0;
			defaultConfigurationName = Release;
		};
		1C5A54E82CD8BC5F004AB1F0 /* Build configuration list for PBXNativeTarget "AnimeNookUITests" */ = {
			isa = XCConfigurationList;
			buildConfigurations = (
				1C5A54E92CD8BC5F004AB1F0 /* Debug */,
				1C5A54EA2CD8BC5F004AB1F0 /* Release */,
			);
			defaultConfigurationIsVisible = 0;
			defaultConfigurationName = Release;
		};
/* End XCConfigurationList section */

/* Begin XCRemoteSwiftPackageReference section */
		1C7BC1032CEAE83200041967 /* XCRemoteSwiftPackageReference "Kingfisher" */ = {
			isa = XCRemoteSwiftPackageReference;
			repositoryURL = "https://github.com/onevcat/Kingfisher";
			requirement = {
				kind = upToNextMajorVersion;
				minimumVersion = 8.1.0;
			};
		};
/* End XCRemoteSwiftPackageReference section */

/* Begin XCSwiftPackageProductDependency section */
		1C7BC13D2CEAE8CD00041967 /* Kingfisher */ = {
			isa = XCSwiftPackageProductDependency;
			package = 1C7BC1032CEAE83200041967 /* XCRemoteSwiftPackageReference "Kingfisher" */;
			productName = Kingfisher;
		};
/* End XCSwiftPackageProductDependency section */
	};
	rootObject = 1C5A54B52CD8BC5E004AB1F0 /* Project object */;
}
